
Microsoft Visual Studio Solution File, Format Version 12.00
# Visual Studio Version 16
VisualStudioVersion = 16.0.28803.916
MinimumVisualStudioVersion = 10.0.40219.1
Project("{FAE04EC0-301F-11D3-BF4B-00C04F79EFBC}") = "PMenu", "PMenu\PMenu.csproj", "{A6A66D58-CD84-4F2C-9EF6-7FEDA02E3EAF}"
EndProject
Global
	GlobalSection(SolutionConfigurationPlatforms) = preSolution
		Debug|Any CPU = Debug|Any CPU
		Release|Any CPU = Release|Any CPU
	EndGlobalSection
	GlobalSection(ProjectConfigurationPlatforms) = postSolution
		{A6A66D58-CD84-4F2C-9EF6-7FEDA02E3EAF}.Debug|Any CPU.ActiveCfg = Debug|Any CPU
		{A6A66D58-CD84-4F2C-9EF6-7FEDA02E3EAF}.Debug|Any CPU.Build.0 = Debug|Any CPU
		{A6A66D58-CD84-4F2C-9EF6-7FEDA02E3EAF}.Release|Any CPU.ActiveCfg = Release|Any CPU
		{A6A66D58-CD84-4F2C-9EF6-7FEDA02E3EAF}.Release|Any CPU.Build.0 = Release|Any CPU
	EndGlobalSection
	GlobalSection(SolutionProperties) = preSolution
		HideSolutionNode = FALSE
	EndGlobalSection
	GlobalSection(ExtensibilityGlobals) = postSolution
		SolutionGuid = {FE41DDEA-25A6-4D12-823F-CF5963FAE421}
	EndGlobalSection
EndGlobal
