
Microsoft Visual Studio Solution File, Format Version 12.00
# Visual Studio Version 16
VisualStudioVersion = 16.0.28803.916
MinimumVisualStudioVersion = 10.0.40219.1
Project("{FAE04EC0-301F-11D3-BF4B-00C04F79EFBC}") = "PSalario", "PSalario\PSalario.csproj", "{E3C34DBF-1E21-42E2-80D6-5DF8D5743D47}"
EndProject
Global
	GlobalSection(SolutionConfigurationPlatforms) = preSolution
		Debug|Any CPU = Debug|Any CPU
		Release|Any CPU = Release|Any CPU
	EndGlobalSection
	GlobalSection(ProjectConfigurationPlatforms) = postSolution
		{E3C34DBF-1E21-42E2-80D6-5DF8D5743D47}.Debug|Any CPU.ActiveCfg = Debug|Any CPU
		{E3C34DBF-1E21-42E2-80D6-5DF8D5743D47}.Debug|Any CPU.Build.0 = Debug|Any CPU
		{E3C34DBF-1E21-42E2-80D6-5DF8D5743D47}.Release|Any CPU.ActiveCfg = Release|Any CPU
		{E3C34DBF-1E21-42E2-80D6-5DF8D5743D47}.Release|Any CPU.Build.0 = Release|Any CPU
	EndGlobalSection
	GlobalSection(SolutionProperties) = preSolution
		HideSolutionNode = FALSE
	EndGlobalSection
	GlobalSection(ExtensibilityGlobals) = postSolution
		SolutionGuid = {C2FB28D2-D0DA-4A47-B34D-7993C954ED1F}
	EndGlobalSection
EndGlobal
