
Microsoft Visual Studio Solution File, Format Version 12.00
# Visual Studio Version 16
VisualStudioVersion = 16.0.28803.916
MinimumVisualStudioVersion = 10.0.40219.1
Project("{FAE04EC0-301F-11D3-BF4B-00C04F79EFBC}") = "PClasse", "PClasse\PClasse.csproj", "{30A5A695-6C46-46C1-AE2C-4CB94328639A}"
EndProject
Global
	GlobalSection(SolutionConfigurationPlatforms) = preSolution
		Debug|Any CPU = Debug|Any CPU
		Release|Any CPU = Release|Any CPU
	EndGlobalSection
	GlobalSection(ProjectConfigurationPlatforms) = postSolution
		{30A5A695-6C46-46C1-AE2C-4CB94328639A}.Debug|Any CPU.ActiveCfg = Debug|Any CPU
		{30A5A695-6C46-46C1-AE2C-4CB94328639A}.Debug|Any CPU.Build.0 = Debug|Any CPU
		{30A5A695-6C46-46C1-AE2C-4CB94328639A}.Release|Any CPU.ActiveCfg = Release|Any CPU
		{30A5A695-6C46-46C1-AE2C-4CB94328639A}.Release|Any CPU.Build.0 = Release|Any CPU
	EndGlobalSection
	GlobalSection(SolutionProperties) = preSolution
		HideSolutionNode = FALSE
	EndGlobalSection
	GlobalSection(ExtensibilityGlobals) = postSolution
		SolutionGuid = {7DE1C239-3787-4658-9AAE-B81E157C7E9B}
	EndGlobalSection
EndGlobal
