
Microsoft Visual Studio Solution File, Format Version 12.00
# Visual Studio Version 16
VisualStudioVersion = 16.0.33328.57
MinimumVisualStudioVersion = 10.0.40219.1
Project("{FAE04EC0-301F-11D3-BF4B-00C04F79EFBC}") = "PVolume", "PVolume\PVolume.csproj", "{44A85FA2-509D-4E48-8F4D-7A29132C1D1A}"
EndProject
Global
	GlobalSection(SolutionConfigurationPlatforms) = preSolution
		Debug|Any CPU = Debug|Any CPU
		Release|Any CPU = Release|Any CPU
	EndGlobalSection
	GlobalSection(ProjectConfigurationPlatforms) = postSolution
		{44A85FA2-509D-4E48-8F4D-7A29132C1D1A}.Debug|Any CPU.ActiveCfg = Debug|Any CPU
		{44A85FA2-509D-4E48-8F4D-7A29132C1D1A}.Debug|Any CPU.Build.0 = Debug|Any CPU
		{44A85FA2-509D-4E48-8F4D-7A29132C1D1A}.Release|Any CPU.ActiveCfg = Release|Any CPU
		{44A85FA2-509D-4E48-8F4D-7A29132C1D1A}.Release|Any CPU.Build.0 = Release|Any CPU
	EndGlobalSection
	GlobalSection(SolutionProperties) = preSolution
		HideSolutionNode = FALSE
	EndGlobalSection
	GlobalSection(ExtensibilityGlobals) = postSolution
		SolutionGuid = {DFA5DE3C-76DF-411A-ACD4-842ADF8E1DD6}
	EndGlobalSection
EndGlobal
